{
  "name": "json-field-validator",
  "version": "0.0.1",
  "lockfileVersion": 1,
  "requires": true,
  "dependencies": {
    "flat": {
      "version": "5.0.1",
      "resolved": "https://registry.npmjs.org/flat/-/flat-5.0.1.tgz",
      "integrity": "sha512-DUYDWLlMhV9qvhjbgmhDQ3ZycXmoOKzrj4KN0+5BEat5SqTlXcXzxNgwiSN1UQHA5Z0BsgYYPelhQHVhpfqaVA=="
    }
  }
}
